
Microsoft Visual Studio Solution File, Format Version 12.00
# Visual Studio Version 17
VisualStudioVersion = 17.1.32210.238
MinimumVisualStudioVersion = 10.0.40219.1
Project("{FAE04EC0-301F-11D3-BF4B-00C04F79EFBC}") = "Business Layer", "Business Layer\Business Layer.csproj", "{E941C819-FDD2-4F3A-83B0-47570E7C95E5}"
EndProject
Project("{FAE04EC0-301F-11D3-BF4B-00C04F79EFBC}") = "Client", "Client\Client.csproj", "{8654914C-FFE2-4772-B119-1C06F3AE35FE}"
EndProject
Project("{FAE04EC0-301F-11D3-BF4B-00C04F79EFBC}") = "Server", "Server\Server.csproj", "{4A35F187-62AB-4830-A70D-4CDC1A20CA90}"
EndProject
Global
	GlobalSection(SolutionConfigurationPlatforms) = preSolution
		Debug|Any CPU = Debug|Any CPU
		Release|Any CPU = Release|Any CPU
	EndGlobalSection
	GlobalSection(ProjectConfigurationPlatforms) = postSolution
		{E941C819-FDD2-4F3A-83B0-47570E7C95E5}.Debug|Any CPU.ActiveCfg = Debug|Any CPU
		{E941C819-FDD2-4F3A-83B0-47570E7C95E5}.Debug|Any CPU.Build.0 = Debug|Any CPU
		{E941C819-FDD2-4F3A-83B0-47570E7C95E5}.Release|Any CPU.ActiveCfg = Release|Any CPU
		{E941C819-FDD2-4F3A-83B0-47570E7C95E5}.Release|Any CPU.Build.0 = Release|Any CPU
		{8654914C-FFE2-4772-B119-1C06F3AE35FE}.Debug|Any CPU.ActiveCfg = Debug|Any CPU
		{8654914C-FFE2-4772-B119-1C06F3AE35FE}.Debug|Any CPU.Build.0 = Debug|Any CPU
		{8654914C-FFE2-4772-B119-1C06F3AE35FE}.Release|Any CPU.ActiveCfg = Release|Any CPU
		{8654914C-FFE2-4772-B119-1C06F3AE35FE}.Release|Any CPU.Build.0 = Release|Any CPU
		{4A35F187-62AB-4830-A70D-4CDC1A20CA90}.Debug|Any CPU.ActiveCfg = Debug|Any CPU
		{4A35F187-62AB-4830-A70D-4CDC1A20CA90}.Debug|Any CPU.Build.0 = Debug|Any CPU
		{4A35F187-62AB-4830-A70D-4CDC1A20CA90}.Release|Any CPU.ActiveCfg = Release|Any CPU
		{4A35F187-62AB-4830-A70D-4CDC1A20CA90}.Release|Any CPU.Build.0 = Release|Any CPU
	EndGlobalSection
	GlobalSection(SolutionProperties) = preSolution
		HideSolutionNode = FALSE
	EndGlobalSection
	GlobalSection(ExtensibilityGlobals) = postSolution
		SolutionGuid = {F82423B5-B0E4-4CD3-828F-6D863B5FE123}
	EndGlobalSection
EndGlobal
